
Microsoft Visual Studio Solution File, Format Version 12.00
# Visual Studio Version 17
VisualStudioVersion = 17.9.34701.34
MinimumVisualStudioVersion = 10.0.40219.1
Project("{FAE04EC0-301F-11D3-BF4B-00C04F79EFBC}") = "HomeTaskViewModels", "HomeTaskViewModels\HomeTaskViewModels.csproj", "{215CD743-4414-4E1C-8B4C-5628C060D156}"
EndProject
Global
	GlobalSection(SolutionConfigurationPlatforms) = preSolution
		Debug|Any CPU = Debug|Any CPU
		Release|Any CPU = Release|Any CPU
	EndGlobalSection
	GlobalSection(ProjectConfigurationPlatforms) = postSolution
		{215CD743-4414-4E1C-8B4C-5628C060D156}.Debug|Any CPU.ActiveCfg = Debug|Any CPU
		{215CD743-4414-4E1C-8B4C-5628C060D156}.Debug|Any CPU.Build.0 = Debug|Any CPU
		{215CD743-4414-4E1C-8B4C-5628C060D156}.Release|Any CPU.ActiveCfg = Release|Any CPU
		{215CD743-4414-4E1C-8B4C-5628C060D156}.Release|Any CPU.Build.0 = Release|Any CPU
	EndGlobalSection
	GlobalSection(SolutionProperties) = preSolution
		HideSolutionNode = FALSE
	EndGlobalSection
	GlobalSection(ExtensibilityGlobals) = postSolution
		SolutionGuid = {BFC9FFE4-A719-4161-AFC5-4C8DAAF0318A}
	EndGlobalSection
EndGlobal
